// !$*UTF8*$!
{
	archiveVersion = 1;
	classes = {
	};
	objectVersion = 46;
	objects = {

/* Begin PBXBuildFile section */
		3C2A49E119D7111400D58C0B /* AppDelegate.swift in Sources */ = {isa = PBXBuildFile; fileRef = 3C2A49E019D7111400D58C0B /* AppDelegate.swift */; };
		3C2A49E419D7111400D58C0B /* Item_Scrapper.xcdatamodeld in Sources */ = {isa = PBXBuildFile; fileRef = 3C2A49E219D7111400D58C0B /* Item_Scrapper.xcdatamodeld */; };
		3C2A49E619D7111400D58C0B /* MasterViewController.swift in Sources */ = {isa = PBXBuildFile; fileRef = 3C2A49E519D7111400D58C0B /* MasterViewController.swift */; };
		3C2A49E819D7111400D58C0B /* DetailViewController.swift in Sources */ = {isa = PBXBuildFile; fileRef = 3C2A49E719D7111400D58C0B /* DetailViewController.swift */; };
		3C2A49EB19D7111400D58C0B /* Main.storyboard in Resources */ = {isa = PBXBuildFile; fileRef = 3C2A49E919D7111400D58C0B /* Main.storyboard */; };
		3C2A49ED19D7111400D58C0B /* Images.xcassets in Resources */ = {isa = PBXBuildFile; fileRef = 3C2A49EC19D7111400D58C0B /* Images.xcassets */; };
		3C2A49F019D7111400D58C0B /* LaunchScreen.xib in Resources */ = {isa = PBXBuildFile; fileRef = 3C2A49EE19D7111400D58C0B /* LaunchScreen.xib */; };
		3C2A49FC19D7111400D58C0B /* Item_ScrapperTests.swift in Sources */ = {isa = PBXBuildFile; fileRef = 3C2A49FB19D7111400D58C0B /* Item_ScrapperTests.swift */; };
		3CF1BEA419F40FCA00E5CACA /* ShareViewController.m in Sources */ = {isa = PBXBuildFile; fileRef = 3CF1BEA319F40FCA00E5CACA /* ShareViewController.m */; };
		3CF1BEA619F40FCA00E5CACA /* MainInterface.storyboard in Resources */ = {isa = PBXBuildFile; fileRef = 3CF1BEA519F40FCA00E5CACA /* MainInterface.storyboard */; };
		3CF1BEA919F40FCA00E5CACA /* Scrapper.Share.appex in Embed App Extensions */ = {isa = PBXBuildFile; fileRef = 3CF1BE9E19F40FCA00E5CACA /* Scrapper.Share.appex */; settings = {ATTRIBUTES = (RemoveHeadersOnCopy, ); }; };
		3CF8527519EAB80A00096320 /* CoreGraphics.framework in Frameworks */ = {isa = PBXBuildFile; fileRef = 3CF8527219EAB7CA00096320 /* CoreGraphics.framework */; };
		3CF8527619EAB80A00096320 /* MobileCoreServices.framework in Frameworks */ = {isa = PBXBuildFile; fileRef = 3CF8527019EAB7BC00096320 /* MobileCoreServices.framework */; };
		3CF8527719EAB80A00096320 /* SystemConfiguration.framework in Frameworks */ = {isa = PBXBuildFile; fileRef = 3CF8526E19EAB7B400096320 /* SystemConfiguration.framework */; };
		3CF8527819EAB80A00096320 /* CFNetwork.framework in Frameworks */ = {isa = PBXBuildFile; fileRef = 3CF8526C19EAB7A500096320 /* CFNetwork.framework */; };
		3CF852B419EAB88000096320 /* ASIAuthenticationDialog.m in Sources */ = {isa = PBXBuildFile; fileRef = 3CF852A119EAB87F00096320 /* ASIAuthenticationDialog.m */; settings = {COMPILER_FLAGS = "-fno-objc-arc"; }; };
		3CF852B619EAB88000096320 /* ASIDataCompressor.m in Sources */ = {isa = PBXBuildFile; fileRef = 3CF852A419EAB88000096320 /* ASIDataCompressor.m */; settings = {COMPILER_FLAGS = "-fno-objc-arc"; }; };
		3CF852B819EAB88000096320 /* ASIDataDecompressor.m in Sources */ = {isa = PBXBuildFile; fileRef = 3CF852A619EAB88000096320 /* ASIDataDecompressor.m */; settings = {COMPILER_FLAGS = "-fno-objc-arc"; }; };
		3CF852BA19EAB88000096320 /* ASIDownloadCache.m in Sources */ = {isa = PBXBuildFile; fileRef = 3CF852A819EAB88000096320 /* ASIDownloadCache.m */; settings = {COMPILER_FLAGS = "-fno-objc-arc"; }; };
		3CF852BC19EAB88000096320 /* ASIFormDataRequest.m in Sources */ = {isa = PBXBuildFile; fileRef = 3CF852AA19EAB88000096320 /* ASIFormDataRequest.m */; settings = {COMPILER_FLAGS = "-fno-objc-arc"; }; };
		3CF852BE19EAB88000096320 /* ASIHTTPRequest.m in Sources */ = {isa = PBXBuildFile; fileRef = 3CF852AC19EAB88000096320 /* ASIHTTPRequest.m */; settings = {COMPILER_FLAGS = "-fno-objc-arc"; }; };
		3CF852C019EAB88000096320 /* ASIInputStream.m in Sources */ = {isa = PBXBuildFile; fileRef = 3CF852B019EAB88000096320 /* ASIInputStream.m */; settings = {COMPILER_FLAGS = "-fno-objc-arc"; }; };
		3CF852C219EAB88000096320 /* ASINetworkQueue.m in Sources */ = {isa = PBXBuildFile; fileRef = 3CF852B219EAB88000096320 /* ASINetworkQueue.m */; settings = {COMPILER_FLAGS = "-fno-objc-arc"; }; };
		3CF852C619EAB90900096320 /* Reachability.m in Sources */ = {isa = PBXBuildFile; fileRef = 3CF852C519EAB90900096320 /* Reachability.m */; settings = {COMPILER_FLAGS = "-fno-objc-arc"; }; };
		3CF852C919EAB98E00096320 /* libz.dylib in Frameworks */ = {isa = PBXBuildFile; fileRef = 3CF852C819EAB98E00096320 /* libz.dylib */; };
/* End PBXBuildFile section */

/* Begin PBXContainerItemProxy section */
		3C2A49F619D7111400D58C0B /* PBXContainerItemProxy */ = {
			isa = PBXContainerItemProxy;
			containerPortal = 3C2A49D319D7111400D58C0B /* Project object */;
			proxyType = 1;
			remoteGlobalIDString = 3C2A49DA19D7111400D58C0B;
			remoteInfo = Item.Scrapper;
		};
		3CF1BEA719F40FCA00E5CACA /* PBXContainerItemProxy */ = {
			isa = PBXContainerItemProxy;
			containerPortal = 3C2A49D319D7111400D58C0B /* Project object */;
			proxyType = 1;
			remoteGlobalIDString = 3CF1BE9D19F40FCA00E5CACA;
			remoteInfo = Scrapper.Share;
		};
		3CF1BEAA19F40FCA00E5CACA /* PBXContainerItemProxy */ = {
			isa = PBXContainerItemProxy;
			containerPortal = 3C2A49D319D7111400D58C0B /* Project object */;
			proxyType = 1;
			remoteGlobalIDString = 3CF1BE9D19F40FCA00E5CACA;
			remoteInfo = Scrapper.Share;
		};
/* End PBXContainerItemProxy section */

/* Begin PBXCopyFilesBuildPhase section */
		3CF8526B19EA701900096320 /* Embed App Extensions */ = {
			isa = PBXCopyFilesBuildPhase;
			buildActionMask = 2147483647;
			dstPath = "";
			dstSubfolderSpec = 13;
			files = (
				3CF1BEA919F40FCA00E5CACA /* Scrapper.Share.appex in Embed App Extensions */,
			);
			name = "Embed App Extensions";
			runOnlyForDeploymentPostprocessing = 0;
		};
/* End PBXCopyFilesBuildPhase section */

/* Begin PBXFileReference section */
		3C2A49DB19D7111400D58C0B /* Item.Scrapper.app */ = {isa = PBXFileReference; explicitFileType = wrapper.application; includeInIndex = 0; path = Item.Scrapper.app; sourceTree = BUILT_PRODUCTS_DIR; };
		3C2A49DF19D7111400D58C0B /* Info.plist */ = {isa = PBXFileReference; lastKnownFileType = text.plist.xml; path = Info.plist; sourceTree = "<group>"; };
		3C2A49E019D7111400D58C0B /* AppDelegate.swift */ = {isa = PBXFileReference; lastKnownFileType = sourcecode.swift; path = AppDelegate.swift; sourceTree = "<group>"; };
		3C2A49E319D7111400D58C0B /* Item_Scrapper.xcdatamodel */ = {isa = PBXFileReference; lastKnownFileType = wrapper.xcdatamodel; path = Item_Scrapper.xcdatamodel; sourceTree = "<group>"; };
		3C2A49E519D7111400D58C0B /* MasterViewController.swift */ = {isa = PBXFileReference; lastKnownFileType = sourcecode.swift; path = MasterViewController.swift; sourceTree = "<group>"; };
		3C2A49E719D7111400D58C0B /* DetailViewController.swift */ = {isa = PBXFileReference; lastKnownFileType = sourcecode.swift; path = DetailViewController.swift; sourceTree = "<group>"; };
		3C2A49EA19D7111400D58C0B /* Base */ = {isa = PBXFileReference; lastKnownFileType = file.storyboard; name = Base; path = Base.lproj/Main.storyboard; sourceTree = "<group>"; };
		3C2A49EC19D7111400D58C0B /* Images.xcassets */ = {isa = PBXFileReference; lastKnownFileType = folder.assetcatalog; path = Images.xcassets; sourceTree = "<group>"; };
		3C2A49EF19D7111400D58C0B /* Base */ = {isa = PBXFileReference; lastKnownFileType = file.xib; name = Base; path = Base.lproj/LaunchScreen.xib; sourceTree = "<group>"; };
		3C2A49F519D7111400D58C0B /* Item.ScrapperTests.xctest */ = {isa = PBXFileReference; explicitFileType = wrapper.cfbundle; includeInIndex = 0; path = Item.ScrapperTests.xctest; sourceTree = BUILT_PRODUCTS_DIR; };
		3C2A49FA19D7111400D58C0B /* Info.plist */ = {isa = PBXFileReference; lastKnownFileType = text.plist.xml; path = Info.plist; sourceTree = "<group>"; };
		3C2A49FB19D7111400D58C0B /* Item_ScrapperTests.swift */ = {isa = PBXFileReference; lastKnownFileType = sourcecode.swift; path = Item_ScrapperTests.swift; sourceTree = "<group>"; };
		3CF1BE9E19F40FCA00E5CACA /* Scrapper.Share.appex */ = {isa = PBXFileReference; explicitFileType = "wrapper.app-extension"; includeInIndex = 0; path = Scrapper.Share.appex; sourceTree = BUILT_PRODUCTS_DIR; };
		3CF1BEA119F40FCA00E5CACA /* Info.plist */ = {isa = PBXFileReference; lastKnownFileType = text.plist.xml; path = Info.plist; sourceTree = "<group>"; };
		3CF1BEA219F40FCA00E5CACA /* ShareViewController.h */ = {isa = PBXFileReference; lastKnownFileType = sourcecode.c.h; path = ShareViewController.h; sourceTree = "<group>"; };
		3CF1BEA319F40FCA00E5CACA /* ShareViewController.m */ = {isa = PBXFileReference; lastKnownFileType = sourcecode.c.objc; path = ShareViewController.m; sourceTree = "<group>"; };
		3CF1BEA519F40FCA00E5CACA /* MainInterface.storyboard */ = {isa = PBXFileReference; lastKnownFileType = file.storyboard; path = MainInterface.storyboard; sourceTree = "<group>"; };
		3CF8526C19EAB7A500096320 /* CFNetwork.framework */ = {isa = PBXFileReference; lastKnownFileType = wrapper.framework; name = CFNetwork.framework; path = System/Library/Frameworks/CFNetwork.framework; sourceTree = SDKROOT; };
		3CF8526E19EAB7B400096320 /* SystemConfiguration.framework */ = {isa = PBXFileReference; lastKnownFileType = wrapper.framework; name = SystemConfiguration.framework; path = System/Library/Frameworks/SystemConfiguration.framework; sourceTree = SDKROOT; };
		3CF8527019EAB7BC00096320 /* MobileCoreServices.framework */ = {isa = PBXFileReference; lastKnownFileType = wrapper.framework; name = MobileCoreServices.framework; path = System/Library/Frameworks/MobileCoreServices.framework; sourceTree = SDKROOT; };
		3CF8527219EAB7CA00096320 /* CoreGraphics.framework */ = {isa = PBXFileReference; lastKnownFileType = wrapper.framework; name = CoreGraphics.framework; path = System/Library/Frameworks/CoreGraphics.framework; sourceTree = SDKROOT; };
		3CF8529E19EAB87F00096320 /* Item.Scrapper-Bridging-Header.h */ = {isa = PBXFileReference; lastKnownFileType = sourcecode.c.h; path = "Item.Scrapper-Bridging-Header.h"; sourceTree = "<group>"; };
		3CF8529F19EAB87F00096320 /* Scrapper.Share-Bridging-Header.h */ = {isa = PBXFileReference; lastKnownFileType = sourcecode.c.h; path = "Scrapper.Share-Bridging-Header.h"; sourceTree = "<group>"; };
		3CF852A019EAB87F00096320 /* ASIAuthenticationDialog.h */ = {isa = PBXFileReference; fileEncoding = 4; lastKnownFileType = sourcecode.c.h; path = ASIAuthenticationDialog.h; sourceTree = "<group>"; };
		3CF852A119EAB87F00096320 /* ASIAuthenticationDialog.m */ = {isa = PBXFileReference; fileEncoding = 4; lastKnownFileType = sourcecode.c.objc; path = ASIAuthenticationDialog.m; sourceTree = "<group>"; };
		3CF852A219EAB87F00096320 /* ASICacheDelegate.h */ = {isa = PBXFileReference; fileEncoding = 4; lastKnownFileType = sourcecode.c.h; path = ASICacheDelegate.h; sourceTree = "<group>"; };
		3CF852A319EAB88000096320 /* ASIDataCompressor.h */ = {isa = PBXFileReference; fileEncoding = 4; lastKnownFileType = sourcecode.c.h; path = ASIDataCompressor.h; sourceTree = "<group>"; };
		3CF852A419EAB88000096320 /* ASIDataCompressor.m */ = {isa = PBXFileReference; fileEncoding = 4; lastKnownFileType = sourcecode.c.objc; path = ASIDataCompressor.m; sourceTree = "<group>"; };
		3CF852A519EAB88000096320 /* ASIDataDecompressor.h */ = {isa = PBXFileReference; fileEncoding = 4; lastKnownFileType = sourcecode.c.h; path = ASIDataDecompressor.h; sourceTree = "<group>"; };
		3CF852A619EAB88000096320 /* ASIDataDecompressor.m */ = {isa = PBXFileReference; fileEncoding = 4; lastKnownFileType = sourcecode.c.objc; path = ASIDataDecompressor.m; sourceTree = "<group>"; };
		3CF852A719EAB88000096320 /* ASIDownloadCache.h */ = {isa = PBXFileReference; fileEncoding = 4; lastKnownFileType = sourcecode.c.h; path = ASIDownloadCache.h; sourceTree = "<group>"; };
		3CF852A819EAB88000096320 /* ASIDownloadCache.m */ = {isa = PBXFileReference; fileEncoding = 4; lastKnownFileType = sourcecode.c.objc; path = ASIDownloadCache.m; sourceTree = "<group>"; };
		3CF852A919EAB88000096320 /* ASIFormDataRequest.h */ = {isa = PBXFileReference; fileEncoding = 4; lastKnownFileType = sourcecode.c.h; path = ASIFormDataRequest.h; sourceTree = "<group>"; };
		3CF852AA19EAB88000096320 /* ASIFormDataRequest.m */ = {isa = PBXFileReference; fileEncoding = 4; lastKnownFileType = sourcecode.c.objc; path = ASIFormDataRequest.m; sourceTree = "<group>"; };
		3CF852AB19EAB88000096320 /* ASIHTTPRequest.h */ = {isa = PBXFileReference; fileEncoding = 4; lastKnownFileType = sourcecode.c.h; path = ASIHTTPRequest.h; sourceTree = "<group>"; };
		3CF852AC19EAB88000096320 /* ASIHTTPRequest.m */ = {isa = PBXFileReference; fileEncoding = 4; lastKnownFileType = sourcecode.c.objc; path = ASIHTTPRequest.m; sourceTree = "<group>"; };
		3CF852AD19EAB88000096320 /* ASIHTTPRequestConfig.h */ = {isa = PBXFileReference; fileEncoding = 4; lastKnownFileType = sourcecode.c.h; path = ASIHTTPRequestConfig.h; sourceTree = "<group>"; };
		3CF852AE19EAB88000096320 /* ASIHTTPRequestDelegate.h */ = {isa = PBXFileReference; fileEncoding = 4; lastKnownFileType = sourcecode.c.h; path = ASIHTTPRequestDelegate.h; sourceTree = "<group>"; };
		3CF852AF19EAB88000096320 /* ASIInputStream.h */ = {isa = PBXFileReference; fileEncoding = 4; lastKnownFileType = sourcecode.c.h; path = ASIInputStream.h; sourceTree = "<group>"; };
		3CF852B019EAB88000096320 /* ASIInputStream.m */ = {isa = PBXFileReference; fileEncoding = 4; lastKnownFileType = sourcecode.c.objc; path = ASIInputStream.m; sourceTree = "<group>"; };
		3CF852B119EAB88000096320 /* ASINetworkQueue.h */ = {isa = PBXFileReference; fileEncoding = 4; lastKnownFileType = sourcecode.c.h; path = ASINetworkQueue.h; sourceTree = "<group>"; };
		3CF852B219EAB88000096320 /* ASINetworkQueue.m */ = {isa = PBXFileReference; fileEncoding = 4; lastKnownFileType = sourcecode.c.objc; path = ASINetworkQueue.m; sourceTree = "<group>"; };
		3CF852B319EAB88000096320 /* ASIProgressDelegate.h */ = {isa = PBXFileReference; fileEncoding = 4; lastKnownFileType = sourcecode.c.h; path = ASIProgressDelegate.h; sourceTree = "<group>"; };
		3CF852C419EAB90900096320 /* Reachability.h */ = {isa = PBXFileReference; fileEncoding = 4; lastKnownFileType = sourcecode.c.h; path = Reachability.h; sourceTree = "<group>"; };
		3CF852C519EAB90900096320 /* Reachability.m */ = {isa = PBXFileReference; fileEncoding = 4; lastKnownFileType = sourcecode.c.objc; path = Reachability.m; sourceTree = "<group>"; };
		3CF852C819EAB98E00096320 /* libz.dylib */ = {isa = PBXFileReference; lastKnownFileType = "compiled.mach-o.dylib"; name = libz.dylib; path = usr/lib/libz.dylib; sourceTree = SDKROOT; };
/* End PBXFileReference section */

/* Begin PBXFrameworksBuildPhase section */
		3C2A49D819D7111400D58C0B /* Frameworks */ = {
			isa = PBXFrameworksBuildPhase;
			buildActionMask = 2147483647;
			files = (
				3CF852C919EAB98E00096320 /* libz.dylib in Frameworks */,
				3CF8527519EAB80A00096320 /* CoreGraphics.framework in Frameworks */,
				3CF8527619EAB80A00096320 /* MobileCoreServices.framework in Frameworks */,
				3CF8527719EAB80A00096320 /* SystemConfiguration.framework in Frameworks */,
				3CF8527819EAB80A00096320 /* CFNetwork.framework in Frameworks */,
			);
			runOnlyForDeploymentPostprocessing = 0;
		};
		3C2A49F219D7111400D58C0B /* Frameworks */ = {
			isa = PBXFrameworksBuildPhase;
			buildActionMask = 2147483647;
			files = (
			);
			runOnlyForDeploymentPostprocessing = 0;
		};
		3CF1BE9B19F40FCA00E5CACA /* Frameworks */ = {
			isa = PBXFrameworksBuildPhase;
			buildActionMask = 2147483647;
			files = (
			);
			runOnlyForDeploymentPostprocessing = 0;
		};
/* End PBXFrameworksBuildPhase section */

/* Begin PBXGroup section */
		3C2A49D219D7111400D58C0B = {
			isa = PBXGroup;
			children = (
				3CF1BE9F19F40FCA00E5CACA /* Scrapper.Share */,
				3CF8527419EAB7E100096320 /* Frameworks */,
				3C2A49DD19D7111400D58C0B /* Item.Scrapper */,
				3C2A49F819D7111400D58C0B /* Item.ScrapperTests */,
				3C2A49DC19D7111400D58C0B /* Products */,
			);
			sourceTree = "<group>";
		};
		3C2A49DC19D7111400D58C0B /* Products */ = {
			isa = PBXGroup;
			children = (
				3C2A49DB19D7111400D58C0B /* Item.Scrapper.app */,
				3C2A49F519D7111400D58C0B /* Item.ScrapperTests.xctest */,
				3CF1BE9E19F40FCA00E5CACA /* Scrapper.Share.appex */,
			);
			name = Products;
			sourceTree = "<group>";
		};
		3C2A49DD19D7111400D58C0B /* Item.Scrapper */ = {
			isa = PBXGroup;
			children = (
				3C2A49E019D7111400D58C0B /* AppDelegate.swift */,
				3C2A49E519D7111400D58C0B /* MasterViewController.swift */,
				3C2A49E719D7111400D58C0B /* DetailViewController.swift */,
				3C2A49E919D7111400D58C0B /* Main.storyboard */,
				3C2A49EC19D7111400D58C0B /* Images.xcassets */,
				3C2A49EE19D7111400D58C0B /* LaunchScreen.xib */,
				3C2A49E219D7111400D58C0B /* Item_Scrapper.xcdatamodeld */,
				3C2A49DE19D7111400D58C0B /* Supporting Files */,
			);
			path = Item.Scrapper;
			sourceTree = "<group>";
		};
		3C2A49DE19D7111400D58C0B /* Supporting Files */ = {
			isa = PBXGroup;
			children = (
				3C2A49DF19D7111400D58C0B /* Info.plist */,
			);
			name = "Supporting Files";
			sourceTree = "<group>";
		};
		3C2A49F819D7111400D58C0B /* Item.ScrapperTests */ = {
			isa = PBXGroup;
			children = (
				3C2A49FB19D7111400D58C0B /* Item_ScrapperTests.swift */,
				3C2A49F919D7111400D58C0B /* Supporting Files */,
			);
			path = Item.ScrapperTests;
			sourceTree = "<group>";
		};
		3C2A49F919D7111400D58C0B /* Supporting Files */ = {
			isa = PBXGroup;
			children = (
				3C2A49FA19D7111400D58C0B /* Info.plist */,
			);
			name = "Supporting Files";
			sourceTree = "<group>";
		};
		3CF1BE9F19F40FCA00E5CACA /* Scrapper.Share */ = {
			isa = PBXGroup;
			children = (
				3CF1BEA219F40FCA00E5CACA /* ShareViewController.h */,
				3CF1BEA319F40FCA00E5CACA /* ShareViewController.m */,
				3CF1BEA519F40FCA00E5CACA /* MainInterface.storyboard */,
				3CF1BEA019F40FCA00E5CACA /* Supporting Files */,
			);
			path = Scrapper.Share;
			sourceTree = "<group>";
		};
		3CF1BEA019F40FCA00E5CACA /* Supporting Files */ = {
			isa = PBXGroup;
			children = (
				3CF1BEA119F40FCA00E5CACA /* Info.plist */,
			);
			name = "Supporting Files";
			sourceTree = "<group>";
		};
		3CF8527419EAB7E100096320 /* Frameworks */ = {
			isa = PBXGroup;
			children = (
				3CF852C819EAB98E00096320 /* libz.dylib */,
				3CF8527919EAB81900096320 /* ASIHTTPRequest */,
				3CF8527219EAB7CA00096320 /* CoreGraphics.framework */,
				3CF8527019EAB7BC00096320 /* MobileCoreServices.framework */,
				3CF8526E19EAB7B400096320 /* SystemConfiguration.framework */,
				3CF8526C19EAB7A500096320 /* CFNetwork.framework */,
			);
			name = Frameworks;
			sourceTree = "<group>";
		};
		3CF8527919EAB81900096320 /* ASIHTTPRequest */ = {
			isa = PBXGroup;
			children = (
				3CF852C419EAB90900096320 /* Reachability.h */,
				3CF852C519EAB90900096320 /* Reachability.m */,
				3CF852A019EAB87F00096320 /* ASIAuthenticationDialog.h */,
				3CF852A119EAB87F00096320 /* ASIAuthenticationDialog.m */,
				3CF852A219EAB87F00096320 /* ASICacheDelegate.h */,
				3CF852A319EAB88000096320 /* ASIDataCompressor.h */,
				3CF852A419EAB88000096320 /* ASIDataCompressor.m */,
				3CF852A519EAB88000096320 /* ASIDataDecompressor.h */,
				3CF852A619EAB88000096320 /* ASIDataDecompressor.m */,
				3CF852A719EAB88000096320 /* ASIDownloadCache.h */,
				3CF852A819EAB88000096320 /* ASIDownloadCache.m */,
				3CF852A919EAB88000096320 /* ASIFormDataRequest.h */,
				3CF852AA19EAB88000096320 /* ASIFormDataRequest.m */,
				3CF852AB19EAB88000096320 /* ASIHTTPRequest.h */,
				3CF852AC19EAB88000096320 /* ASIHTTPRequest.m */,
				3CF852AD19EAB88000096320 /* ASIHTTPRequestConfig.h */,
				3CF852AE19EAB88000096320 /* ASIHTTPRequestDelegate.h */,
				3CF852AF19EAB88000096320 /* ASIInputStream.h */,
				3CF852B019EAB88000096320 /* ASIInputStream.m */,
				3CF852B119EAB88000096320 /* ASINetworkQueue.h */,
				3CF852B219EAB88000096320 /* ASINetworkQueue.m */,
				3CF852B319EAB88000096320 /* ASIProgressDelegate.h */,
				3CF8529E19EAB87F00096320 /* Item.Scrapper-Bridging-Header.h */,
				3CF8529F19EAB87F00096320 /* Scrapper.Share-Bridging-Header.h */,
			);
			name = ASIHTTPRequest;
			sourceTree = "<group>";
		};
/* End PBXGroup section */

/* Begin PBXNativeTarget section */
		3C2A49DA19D7111400D58C0B /* Item.Scrapper */ = {
			isa = PBXNativeTarget;
			buildConfigurationList = 3C2A49FF19D7111400D58C0B /* Build configuration list for PBXNativeTarget "Item.Scrapper" */;
			buildPhases = (
				3C2A49D719D7111400D58C0B /* Sources */,
				3C2A49D819D7111400D58C0B /* Frameworks */,
				3C2A49D919D7111400D58C0B /* Resources */,
				3CF8526B19EA701900096320 /* Embed App Extensions */,
			);
			buildRules = (
			);
			dependencies = (
				3CF1BEA819F40FCA00E5CACA /* PBXTargetDependency */,
				3CF1BEAB19F40FCA00E5CACA /* PBXTargetDependency */,
			);
			name = Item.Scrapper;
			productName = Item.Scrapper;
			productReference = 3C2A49DB19D7111400D58C0B /* Item.Scrapper.app */;
			productType = "com.apple.product-type.application";
		};
		3C2A49F419D7111400D58C0B /* Item.ScrapperTests */ = {
			isa = PBXNativeTarget;
			buildConfigurationList = 3C2A4A0219D7111400D58C0B /* Build configuration list for PBXNativeTarget "Item.ScrapperTests" */;
			buildPhases = (
				3C2A49F119D7111400D58C0B /* Sources */,
				3C2A49F219D7111400D58C0B /* Frameworks */,
				3C2A49F319D7111400D58C0B /* Resources */,
			);
			buildRules = (
			);
			dependencies = (
				3C2A49F719D7111400D58C0B /* PBXTargetDependency */,
			);
			name = Item.ScrapperTests;
			productName = Item.ScrapperTests;
			productReference = 3C2A49F519D7111400D58C0B /* Item.ScrapperTests.xctest */;
			productType = "com.apple.product-type.bundle.unit-test";
		};
		3CF1BE9D19F40FCA00E5CACA /* Scrapper.Share */ = {
			isa = PBXNativeTarget;
			buildConfigurationList = 3CF1BEAC19F40FCA00E5CACA /* Build configuration list for PBXNativeTarget "Scrapper.Share" */;
			buildPhases = (
				3CF1BE9A19F40FCA00E5CACA /* Sources */,
				3CF1BE9B19F40FCA00E5CACA /* Frameworks */,
				3CF1BE9C19F40FCA00E5CACA /* Resources */,
			);
			buildRules = (
			);
			dependencies = (
			);
			name = Scrapper.Share;
			productName = Scrapper.Share;
			productReference = 3CF1BE9E19F40FCA00E5CACA /* Scrapper.Share.appex */;
			productType = "com.apple.product-type.app-extension";
		};
/* End PBXNativeTarget section */

/* Begin PBXProject section */
		3C2A49D319D7111400D58C0B /* Project object */ = {
			isa = PBXProject;
			attributes = {
				LastUpgradeCheck = 0600;
				ORGANIZATIONNAME = com.ebay.kr.gkhim;
				TargetAttributes = {
					3C2A49DA19D7111400D58C0B = {
						CreatedOnToolsVersion = 6.0.1;
					};
					3C2A49F419D7111400D58C0B = {
						CreatedOnToolsVersion = 6.0.1;
						TestTargetID = 3C2A49DA19D7111400D58C0B;
					};
					3CF1BE9D19F40FCA00E5CACA = {
						CreatedOnToolsVersion = 6.0.1;
					};
				};
			};
			buildConfigurationList = 3C2A49D619D7111400D58C0B /* Build configuration list for PBXProject "Item.Scrapper" */;
			compatibilityVersion = "Xcode 3.2";
			developmentRegion = English;
			hasScannedForEncodings = 0;
			knownRegions = (
				en,
				Base,
			);
			mainGroup = 3C2A49D219D7111400D58C0B;
			productRefGroup = 3C2A49DC19D7111400D58C0B /* Products */;
			projectDirPath = "";
			projectRoot = "";
			targets = (
				3C2A49DA19D7111400D58C0B /* Item.Scrapper */,
				3C2A49F419D7111400D58C0B /* Item.ScrapperTests */,
				3CF1BE9D19F40FCA00E5CACA /* Scrapper.Share */,
			);
		};
/* End PBXProject section */

/* Begin PBXResourcesBuildPhase section */
		3C2A49D919D7111400D58C0B /* Resources */ = {
			isa = PBXResourcesBuildPhase;
			buildActionMask = 2147483647;
			files = (
				3C2A49EB19D7111400D58C0B /* Main.storyboard in Resources */,
				3C2A49F019D7111400D58C0B /* LaunchScreen.xib in Resources */,
				3C2A49ED19D7111400D58C0B /* Images.xcassets in Resources */,
			);
			runOnlyForDeploymentPostprocessing = 0;
		};
		3C2A49F319D7111400D58C0B /* Resources */ = {
			isa = PBXResourcesBuildPhase;
			buildActionMask = 2147483647;
			files = (
			);
			runOnlyForDeploymentPostprocessing = 0;
		};
		3CF1BE9C19F40FCA00E5CACA /* Resources */ = {
			isa = PBXResourcesBuildPhase;
			buildActionMask = 2147483647;
			files = (
				3CF1BEA619F40FCA00E5CACA /* MainInterface.storyboard in Resources */,
			);
			runOnlyForDeploymentPostprocessing = 0;
		};
/* End PBXResourcesBuildPhase section */

/* Begin PBXSourcesBuildPhase section */
		3C2A49D719D7111400D58C0B /* Sources */ = {
			isa = PBXSourcesBuildPhase;
			buildActionMask = 2147483647;
			files = (
				3CF852C619EAB90900096320 /* Reachability.m in Sources */,
				3CF852B619EAB88000096320 /* ASIDataCompressor.m in Sources */,
				3C2A49E419D7111400D58C0B /* Item_Scrapper.xcdatamodeld in Sources */,
				3C2A49E119D7111400D58C0B /* AppDelegate.swift in Sources */,
				3CF852B419EAB88000096320 /* ASIAuthenticationDialog.m in Sources */,
				3CF852BC19EAB88000096320 /* ASIFormDataRequest.m in Sources */,
				3CF852B819EAB88000096320 /* ASIDataDecompressor.m in Sources */,
				3C2A49E619D7111400D58C0B /* MasterViewController.swift in Sources */,
				3CF852C019EAB88000096320 /* ASIInputStream.m in Sources */,
				3CF852C219EAB88000096320 /* ASINetworkQueue.m in Sources */,
				3CF852BE19EAB88000096320 /* ASIHTTPRequest.m in Sources */,
				3CF852BA19EAB88000096320 /* ASIDownloadCache.m in Sources */,
				3C2A49E819D7111400D58C0B /* DetailViewController.swift in Sources */,
			);
			runOnlyForDeploymentPostprocessing = 0;
		};
		3C2A49F119D7111400D58C0B /* Sources */ = {
			isa = PBXSourcesBuildPhase;
			buildActionMask = 2147483647;
			files = (
				3C2A49FC19D7111400D58C0B /* Item_ScrapperTests.swift in Sources */,
			);
			runOnlyForDeploymentPostprocessing = 0;
		};
		3CF1BE9A19F40FCA00E5CACA /* Sources */ = {
			isa = PBXSourcesBuildPhase;
			buildActionMask = 2147483647;
			files = (
				3CF1BEA419F40FCA00E5CACA /* ShareViewController.m in Sources */,
			);
			runOnlyForDeploymentPostprocessing = 0;
		};
/* End PBXSourcesBuildPhase section */

/* Begin PBXTargetDependency section */
		3C2A49F719D7111400D58C0B /* PBXTargetDependency */ = {
			isa = PBXTargetDependency;
			target = 3C2A49DA19D7111400D58C0B /* Item.Scrapper */;
			targetProxy = 3C2A49F619D7111400D58C0B /* PBXContainerItemProxy */;
		};
		3CF1BEA819F40FCA00E5CACA /* PBXTargetDependency */ = {
			isa = PBXTargetDependency;
			target = 3CF1BE9D19F40FCA00E5CACA /* Scrapper.Share */;
			targetProxy = 3CF1BEA719F40FCA00E5CACA /* PBXContainerItemProxy */;
		};
		3CF1BEAB19F40FCA00E5CACA /* PBXTargetDependency */ = {
			isa = PBXTargetDependency;
			target = 3CF1BE9D19F40FCA00E5CACA /* Scrapper.Share */;
			targetProxy = 3CF1BEAA19F40FCA00E5CACA /* PBXContainerItemProxy */;
		};
/* End PBXTargetDependency section */

/* Begin PBXVariantGroup section */
		3C2A49E919D7111400D58C0B /* Main.storyboard */ = {
			isa = PBXVariantGroup;
			children = (
				3C2A49EA19D7111400D58C0B /* Base */,
			);
			name = Main.storyboard;
			sourceTree = "<group>";
		};
		3C2A49EE19D7111400D58C0B /* LaunchScreen.xib */ = {
			isa = PBXVariantGroup;
			children = (
				3C2A49EF19D7111400D58C0B /* Base */,
			);
			name = LaunchScreen.xib;
			sourceTree = "<group>";
		};
/* End PBXVariantGroup section */

/* Begin XCBuildConfiguration section */
		3C2A49FD19D7111400D58C0B /* Debug */ = {
			isa = XCBuildConfiguration;
			buildSettings = {
				ALWAYS_SEARCH_USER_PATHS = NO;
				CLANG_CXX_LANGUAGE_STANDARD = "gnu++0x";
				CLANG_CXX_LIBRARY = "libc++";
				CLANG_ENABLE_MODULES = YES;
				CLANG_ENABLE_OBJC_ARC = YES;
				CLANG_WARN_BOOL_CONVERSION = YES;
				CLANG_WARN_CONSTANT_CONVERSION = YES;
				CLANG_WARN_DIRECT_OBJC_ISA_USAGE = YES_ERROR;
				CLANG_WARN_EMPTY_BODY = YES;
				CLANG_WARN_ENUM_CONVERSION = YES;
				CLANG_WARN_INT_CONVERSION = YES;
				CLANG_WARN_OBJC_ROOT_CLASS = YES_ERROR;
				CLANG_WARN_UNREACHABLE_CODE = YES;
				CLANG_WARN__DUPLICATE_METHOD_MATCH = YES;
				"CODE_SIGN_IDENTITY[sdk=iphoneos*]" = "iPhone Developer";
				COPY_PHASE_STRIP = NO;
				ENABLE_STRICT_OBJC_MSGSEND = YES;
				GCC_C_LANGUAGE_STANDARD = gnu99;
				GCC_DYNAMIC_NO_PIC = NO;
				GCC_OPTIMIZATION_LEVEL = 0;
				GCC_PREPROCESSOR_DEFINITIONS = (
					"DEBUG=1",
					"$(inherited)",
				);
				GCC_SYMBOLS_PRIVATE_EXTERN = NO;
				GCC_WARN_64_TO_32_BIT_CONVERSION = YES;
				GCC_WARN_ABOUT_RETURN_TYPE = YES_ERROR;
				GCC_WARN_UNDECLARED_SELECTOR = YES;
				GCC_WARN_UNINITIALIZED_AUTOS = YES_AGGRESSIVE;
				GCC_WARN_UNUSED_FUNCTION = YES;
				GCC_WARN_UNUSED_VARIABLE = YES;
				IPHONEOS_DEPLOYMENT_TARGET = 8.0;
				MTL_ENABLE_DEBUG_INFO = YES;
				ONLY_ACTIVE_ARCH = YES;
				SDKROOT = iphoneos;
				SWIFT_OPTIMIZATION_LEVEL = "-Onone";
				TARGETED_DEVICE_FAMILY = "1,2";
			};
			name = Debug;
		};
		3C2A49FE19D7111400D58C0B /* Release */ = {
			isa = XCBuildConfiguration;
			buildSettings = {
				ALWAYS_SEARCH_USER_PATHS = NO;
				CLANG_CXX_LANGUAGE_STANDARD = "gnu++0x";
				CLANG_CXX_LIBRARY = "libc++";
				CLANG_ENABLE_MODULES = YES;
				CLANG_ENABLE_OBJC_ARC = YES;
				CLANG_WARN_BOOL_CONVERSION = YES;
				CLANG_WARN_CONSTANT_CONVERSION = YES;
				CLANG_WARN_DIRECT_OBJC_ISA_USAGE = YES_ERROR;
				CLANG_WARN_EMPTY_BODY = YES;
				CLANG_WARN_ENUM_CONVERSION = YES;
				CLANG_WARN_INT_CONVERSION = YES;
				CLANG_WARN_OBJC_ROOT_CLASS = YES_ERROR;
				CLANG_WARN_UNREACHABLE_CODE = YES;
				CLANG_WARN__DUPLICATE_METHOD_MATCH = YES;
				"CODE_SIGN_IDENTITY[sdk=iphoneos*]" = "iPhone Developer";
				COPY_PHASE_STRIP = YES;
				ENABLE_NS_ASSERTIONS = NO;
				ENABLE_STRICT_OBJC_MSGSEND = YES;
				GCC_C_LANGUAGE_STANDARD = gnu99;
				GCC_WARN_64_TO_32_BIT_CONVERSION = YES;
				GCC_WARN_ABOUT_RETURN_TYPE = YES_ERROR;
				GCC_WARN_UNDECLARED_SELECTOR = YES;
				GCC_WARN_UNINITIALIZED_AUTOS = YES_AGGRESSIVE;
				GCC_WARN_UNUSED_FUNCTION = YES;
				GCC_WARN_UNUSED_VARIABLE = YES;
				IPHONEOS_DEPLOYMENT_TARGET = 8.0;
				MTL_ENABLE_DEBUG_INFO = NO;
				SDKROOT = iphoneos;
				TARGETED_DEVICE_FAMILY = "1,2";
				VALIDATE_PRODUCT = YES;
			};
			name = Release;
		};
		3C2A4A0019D7111400D58C0B /* Debug */ = {
			isa = XCBuildConfiguration;
			buildSettings = {
				ASSETCATALOG_COMPILER_APPICON_NAME = AppIcon;
				CLANG_ENABLE_MODULES = YES;
				INFOPLIST_FILE = Item.Scrapper/Info.plist;
				LD_RUNPATH_SEARCH_PATHS = "$(inherited) @executable_path/Frameworks";
				PRODUCT_NAME = "$(TARGET_NAME)";
				SWIFT_OBJC_BRIDGING_HEADER = "Item.Scrapper-Bridging-Header.h";
				SWIFT_OPTIMIZATION_LEVEL = "-Onone";
			};
			name = Debug;
		};
		3C2A4A0119D7111400D58C0B /* Release */ = {
			isa = XCBuildConfiguration;
			buildSettings = {
				ASSETCATALOG_COMPILER_APPICON_NAME = AppIcon;
				CLANG_ENABLE_MODULES = YES;
				INFOPLIST_FILE = Item.Scrapper/Info.plist;
				LD_RUNPATH_SEARCH_PATHS = "$(inherited) @executable_path/Frameworks";
				PRODUCT_NAME = "$(TARGET_NAME)";
				SWIFT_OBJC_BRIDGING_HEADER = "Item.Scrapper-Bridging-Header.h";
			};
			name = Release;
		};
		3C2A4A0319D7111400D58C0B /* Debug */ = {
			isa = XCBuildConfiguration;
			buildSettings = {
				BUNDLE_LOADER = "$(TEST_HOST)";
				FRAMEWORK_SEARCH_PATHS = (
					"$(SDKROOT)/Developer/Library/Frameworks",
					"$(inherited)",
				);
				GCC_PREPROCESSOR_DEFINITIONS = (
					"DEBUG=1",
					"$(inherited)",
				);
				INFOPLIST_FILE = Item.ScrapperTests/Info.plist;
				LD_RUNPATH_SEARCH_PATHS = "$(inherited) @executable_path/Frameworks @loader_path/Frameworks";
				PRODUCT_NAME = "$(TARGET_NAME)";
				TEST_HOST = "$(BUILT_PRODUCTS_DIR)/Item.Scrapper.app/Item.Scrapper";
			};
			name = Debug;
		};
		3C2A4A0419D7111400D58C0B /* Release */ = {
			isa = XCBuildConfiguration;
			buildSettings = {
				BUNDLE_LOADER = "$(TEST_HOST)";
				FRAMEWORK_SEARCH_PATHS = (
					"$(SDKROOT)/Developer/Library/Frameworks",
					"$(inherited)",
				);
				INFOPLIST_FILE = Item.ScrapperTests/Info.plist;
				LD_RUNPATH_SEARCH_PATHS = "$(inherited) @executable_path/Frameworks @loader_path/Frameworks";
				PRODUCT_NAME = "$(TARGET_NAME)";
				TEST_HOST = "$(BUILT_PRODUCTS_DIR)/Item.Scrapper.app/Item.Scrapper";
			};
			name = Release;
		};
		3CF1BEAD19F40FCA00E5CACA /* Debug */ = {
			isa = XCBuildConfiguration;
			buildSettings = {
				GCC_PREPROCESSOR_DEFINITIONS = (
					"DEBUG=1",
					"$(inherited)",
				);
				INFOPLIST_FILE = Scrapper.Share/Info.plist;
				LD_RUNPATH_SEARCH_PATHS = "$(inherited) @executable_path/Frameworks @executable_path/../../Frameworks";
				PRODUCT_NAME = "$(TARGET_NAME)";
				SKIP_INSTALL = YES;
			};
			name = Debug;
		};
		3CF1BEAE19F40FCA00E5CACA /* Release */ = {
			isa = XCBuildConfiguration;
			buildSettings = {
				INFOPLIST_FILE = Scrapper.Share/Info.plist;
				LD_RUNPATH_SEARCH_PATHS = "$(inherited) @executable_path/Frameworks @executable_path/../../Frameworks";
				PRODUCT_NAME = "$(TARGET_NAME)";
				SKIP_INSTALL = YES;
			};
			name = Release;
		};
/* End XCBuildConfiguration section */

/* Begin XCConfigurationList section */
		3C2A49D619D7111400D58C0B /* Build configuration list for PBXProject "Item.Scrapper" */ = {
			isa = XCConfigurationList;
			buildConfigurations = (
				3C2A49FD19D7111400D58C0B /* Debug */,
				3C2A49FE19D7111400D58C0B /* Release */,
			);
			defaultConfigurationIsVisible = 0;
			defaultConfigurationName = Release;
		};
		3C2A49FF19D7111400D58C0B /* Build configuration list for PBXNativeTarget "Item.Scrapper" */ = {
			isa = XCConfigurationList;
			buildConfigurations = (
				3C2A4A0019D7111400D58C0B /* Debug */,
				3C2A4A0119D7111400D58C0B /* Release */,
			);
			defaultConfigurationIsVisible = 0;
			defaultConfigurationName = Release;
		};
		3C2A4A0219D7111400D58C0B /* Build configuration list for PBXNativeTarget "Item.ScrapperTests" */ = {
			isa = XCConfigurationList;
			buildConfigurations = (
				3C2A4A0319D7111400D58C0B /* Debug */,
				3C2A4A0419D7111400D58C0B /* Release */,
			);
			defaultConfigurationIsVisible = 0;
			defaultConfigurationName = Release;
		};
		3CF1BEAC19F40FCA00E5CACA /* Build configuration list for PBXNativeTarget "Scrapper.Share" */ = {
			isa = XCConfigurationList;
			buildConfigurations = (
				3CF1BEAD19F40FCA00E5CACA /* Debug */,
				3CF1BEAE19F40FCA00E5CACA /* Release */,
			);
			defaultConfigurationIsVisible = 0;
		};
/* End XCConfigurationList section */

/* Begin XCVersionGroup section */
		3C2A49E219D7111400D58C0B /* Item_Scrapper.xcdatamodeld */ = {
			isa = XCVersionGroup;
			children = (
				3C2A49E319D7111400D58C0B /* Item_Scrapper.xcdatamodel */,
			);
			currentVersion = 3C2A49E319D7111400D58C0B /* Item_Scrapper.xcdatamodel */;
			path = Item_Scrapper.xcdatamodeld;
			sourceTree = "<group>";
			versionGroupType = wrapper.xcdatamodel;
		};
/* End XCVersionGroup section */
	};
	rootObject = 3C2A49D319D7111400D58C0B /* Project object */;
}
